
Microsoft Visual Studio Solution File, Format Version 12.00
# Visual Studio 15
VisualStudioVersion = 15.0.26730.16
MinimumVisualStudioVersion = 10.0.40219.1
Project("{FAE04EC0-301F-11D3-BF4B-00C04F79EFBC}") = "SignalR_Test", "SignalR_Test\SignalR_Test.csproj", "{73D9AEFA-7394-45B3-84FC-A699B647190E}"
EndProject
Project("{2150E333-8FDC-42A3-9474-1A3956D46DE8}") = "02-RabbitMQ-ConsoleApp", "02-RabbitMQ-ConsoleApp", "{03E52872-5FE7-43EB-A632-0263515A80C1}"
EndProject
Project("{FAE04EC0-301F-11D3-BF4B-00C04F79EFBC}") = "RabbitMQClient", "RabbitMQClient\RabbitMQClient.csproj", "{623F024C-8F07-4724-B809-9528B37A5F3B}"
EndProject
Project("{2150E333-8FDC-42A3-9474-1A3956D46DE8}") = "03-RabbitMQ-Services", "03-RabbitMQ-Services", "{16935153-4DC4-4FC1-805C-B7C7CFE14F03}"
EndProject
Project("{9A19103F-16F7-4668-BE54-9A1E7A4F7556}") = "ClassLibrary1", "ClassLibrary1\ClassLibrary1.csproj", "{D45E56DC-576C-4ABB-99C4-326BB2FC8960}"
EndProject
Project("{FAE04EC0-301F-11D3-BF4B-00C04F79EFBC}") = "Common", "Common\Common.csproj", "{847CB3F6-1BF8-4C1A-A6E7-B0503DECB418}"
EndProject
Project("{FAE04EC0-301F-11D3-BF4B-00C04F79EFBC}") = "OneWayMessageSender", "OneWayMessageSender\OneWayMessageSender.csproj", "{1B230919-ED62-44A6-AFB4-8314AF8D3716}"
EndProject
Project("{FAE04EC0-301F-11D3-BF4B-00C04F79EFBC}") = "OneWayMessageReceiver", "OneWayMessageReceiver\OneWayMessageReceiver.csproj", "{C8A273D7-8774-41F1-83BF-917E001D6EE9}"
EndProject
Project("{FAE04EC0-301F-11D3-BF4B-00C04F79EFBC}") = "WorkerQueueSender", "WorkerQueueSender\WorkerQueueSender.csproj", "{1D36A808-6D09-42AC-B8F5-501F4BE96AA5}"
EndProject
Project("{FAE04EC0-301F-11D3-BF4B-00C04F79EFBC}") = "WorkerQueueReceiverOne", "WorkerQueueReceiverOne\WorkerQueueReceiverOne.csproj", "{30A55F79-6859-4021-AFAC-E3F9DB289DC8}"
EndProject
Project("{FAE04EC0-301F-11D3-BF4B-00C04F79EFBC}") = "WorkerQueueReceiverTwo", "WorkerQueueReceiverTwo\WorkerQueueReceiverTwo.csproj", "{4139D064-BCDA-4A17-BA55-34079A149E00}"
EndProject
Project("{2150E333-8FDC-42A3-9474-1A3956D46DE8}") = "04-EasyNetQ", "04-EasyNetQ", "{8B745634-EC4D-445E-9E78-2E784BF23AB9}"
EndProject
Project("{9A19103F-16F7-4668-BE54-9A1E7A4F7556}") = "ConsoleApp1", "ConsoleApp1\ConsoleApp1.csproj", "{B1928AC0-309F-4179-87E3-E12CED1294F6}"
EndProject
Project("{FAE04EC0-301F-11D3-BF4B-00C04F79EFBC}") = "Receiver", "Receiver\Receiver.csproj", "{8CE789B1-4C41-4C2E-A91A-CBBA89BB5B2B}"
EndProject
Global
	GlobalSection(SolutionConfigurationPlatforms) = preSolution
		Debug|Any CPU = Debug|Any CPU
		Release|Any CPU = Release|Any CPU
	EndGlobalSection
	GlobalSection(ProjectConfigurationPlatforms) = postSolution
		{73D9AEFA-7394-45B3-84FC-A699B647190E}.Debug|Any CPU.ActiveCfg = Debug|Any CPU
		{73D9AEFA-7394-45B3-84FC-A699B647190E}.Debug|Any CPU.Build.0 = Debug|Any CPU
		{73D9AEFA-7394-45B3-84FC-A699B647190E}.Release|Any CPU.ActiveCfg = Release|Any CPU
		{73D9AEFA-7394-45B3-84FC-A699B647190E}.Release|Any CPU.Build.0 = Release|Any CPU
		{623F024C-8F07-4724-B809-9528B37A5F3B}.Debug|Any CPU.ActiveCfg = Debug|Any CPU
		{623F024C-8F07-4724-B809-9528B37A5F3B}.Debug|Any CPU.Build.0 = Debug|Any CPU
		{623F024C-8F07-4724-B809-9528B37A5F3B}.Release|Any CPU.ActiveCfg = Release|Any CPU
		{623F024C-8F07-4724-B809-9528B37A5F3B}.Release|Any CPU.Build.0 = Release|Any CPU
		{D45E56DC-576C-4ABB-99C4-326BB2FC8960}.Debug|Any CPU.ActiveCfg = Debug|Any CPU
		{D45E56DC-576C-4ABB-99C4-326BB2FC8960}.Debug|Any CPU.Build.0 = Debug|Any CPU
		{D45E56DC-576C-4ABB-99C4-326BB2FC8960}.Release|Any CPU.ActiveCfg = Release|Any CPU
		{D45E56DC-576C-4ABB-99C4-326BB2FC8960}.Release|Any CPU.Build.0 = Release|Any CPU
		{847CB3F6-1BF8-4C1A-A6E7-B0503DECB418}.Debug|Any CPU.ActiveCfg = Debug|Any CPU
		{847CB3F6-1BF8-4C1A-A6E7-B0503DECB418}.Debug|Any CPU.Build.0 = Debug|Any CPU
		{847CB3F6-1BF8-4C1A-A6E7-B0503DECB418}.Release|Any CPU.ActiveCfg = Release|Any CPU
		{847CB3F6-1BF8-4C1A-A6E7-B0503DECB418}.Release|Any CPU.Build.0 = Release|Any CPU
		{1B230919-ED62-44A6-AFB4-8314AF8D3716}.Debug|Any CPU.ActiveCfg = Debug|Any CPU
		{1B230919-ED62-44A6-AFB4-8314AF8D3716}.Debug|Any CPU.Build.0 = Debug|Any CPU
		{1B230919-ED62-44A6-AFB4-8314AF8D3716}.Release|Any CPU.ActiveCfg = Release|Any CPU
		{1B230919-ED62-44A6-AFB4-8314AF8D3716}.Release|Any CPU.Build.0 = Release|Any CPU
		{C8A273D7-8774-41F1-83BF-917E001D6EE9}.Debug|Any CPU.ActiveCfg = Debug|Any CPU
		{C8A273D7-8774-41F1-83BF-917E001D6EE9}.Debug|Any CPU.Build.0 = Debug|Any CPU
		{C8A273D7-8774-41F1-83BF-917E001D6EE9}.Release|Any CPU.ActiveCfg = Release|Any CPU
		{C8A273D7-8774-41F1-83BF-917E001D6EE9}.Release|Any CPU.Build.0 = Release|Any CPU
		{1D36A808-6D09-42AC-B8F5-501F4BE96AA5}.Debug|Any CPU.ActiveCfg = Debug|Any CPU
		{1D36A808-6D09-42AC-B8F5-501F4BE96AA5}.Debug|Any CPU.Build.0 = Debug|Any CPU
		{1D36A808-6D09-42AC-B8F5-501F4BE96AA5}.Release|Any CPU.ActiveCfg = Release|Any CPU
		{1D36A808-6D09-42AC-B8F5-501F4BE96AA5}.Release|Any CPU.Build.0 = Release|Any CPU
		{30A55F79-6859-4021-AFAC-E3F9DB289DC8}.Debug|Any CPU.ActiveCfg = Debug|Any CPU
		{30A55F79-6859-4021-AFAC-E3F9DB289DC8}.Debug|Any CPU.Build.0 = Debug|Any CPU
		{30A55F79-6859-4021-AFAC-E3F9DB289DC8}.Release|Any CPU.ActiveCfg = Release|Any CPU
		{30A55F79-6859-4021-AFAC-E3F9DB289DC8}.Release|Any CPU.Build.0 = Release|Any CPU
		{4139D064-BCDA-4A17-BA55-34079A149E00}.Debug|Any CPU.ActiveCfg = Debug|Any CPU
		{4139D064-BCDA-4A17-BA55-34079A149E00}.Debug|Any CPU.Build.0 = Debug|Any CPU
		{4139D064-BCDA-4A17-BA55-34079A149E00}.Release|Any CPU.ActiveCfg = Release|Any CPU
		{4139D064-BCDA-4A17-BA55-34079A149E00}.Release|Any CPU.Build.0 = Release|Any CPU
		{B1928AC0-309F-4179-87E3-E12CED1294F6}.Debug|Any CPU.ActiveCfg = Debug|Any CPU
		{B1928AC0-309F-4179-87E3-E12CED1294F6}.Debug|Any CPU.Build.0 = Debug|Any CPU
		{B1928AC0-309F-4179-87E3-E12CED1294F6}.Release|Any CPU.ActiveCfg = Release|Any CPU
		{B1928AC0-309F-4179-87E3-E12CED1294F6}.Release|Any CPU.Build.0 = Release|Any CPU
		{8CE789B1-4C41-4C2E-A91A-CBBA89BB5B2B}.Debug|Any CPU.ActiveCfg = Debug|Any CPU
		{8CE789B1-4C41-4C2E-A91A-CBBA89BB5B2B}.Debug|Any CPU.Build.0 = Debug|Any CPU
		{8CE789B1-4C41-4C2E-A91A-CBBA89BB5B2B}.Release|Any CPU.ActiveCfg = Release|Any CPU
		{8CE789B1-4C41-4C2E-A91A-CBBA89BB5B2B}.Release|Any CPU.Build.0 = Release|Any CPU
	EndGlobalSection
	GlobalSection(SolutionProperties) = preSolution
		HideSolutionNode = FALSE
	EndGlobalSection
	GlobalSection(NestedProjects) = preSolution
		{623F024C-8F07-4724-B809-9528B37A5F3B} = {03E52872-5FE7-43EB-A632-0263515A80C1}
		{D45E56DC-576C-4ABB-99C4-326BB2FC8960} = {16935153-4DC4-4FC1-805C-B7C7CFE14F03}
		{847CB3F6-1BF8-4C1A-A6E7-B0503DECB418} = {16935153-4DC4-4FC1-805C-B7C7CFE14F03}
		{1B230919-ED62-44A6-AFB4-8314AF8D3716} = {03E52872-5FE7-43EB-A632-0263515A80C1}
		{C8A273D7-8774-41F1-83BF-917E001D6EE9} = {03E52872-5FE7-43EB-A632-0263515A80C1}
		{1D36A808-6D09-42AC-B8F5-501F4BE96AA5} = {03E52872-5FE7-43EB-A632-0263515A80C1}
		{30A55F79-6859-4021-AFAC-E3F9DB289DC8} = {03E52872-5FE7-43EB-A632-0263515A80C1}
		{4139D064-BCDA-4A17-BA55-34079A149E00} = {03E52872-5FE7-43EB-A632-0263515A80C1}
		{B1928AC0-309F-4179-87E3-E12CED1294F6} = {8B745634-EC4D-445E-9E78-2E784BF23AB9}
		{8CE789B1-4C41-4C2E-A91A-CBBA89BB5B2B} = {8B745634-EC4D-445E-9E78-2E784BF23AB9}
	EndGlobalSection
	GlobalSection(ExtensibilityGlobals) = postSolution
		SolutionGuid = {D458C6FB-2834-437E-B487-D4A97438914D}
	EndGlobalSection
EndGlobal
